
Microsoft Visual Studio Solution File, Format Version 12.00
# Visual Studio Version 17
VisualStudioVersion = 17.10.35027.167
MinimumVisualStudioVersion = 10.0.40219.1
Project("{FAE04EC0-301F-11D3-BF4B-00C04F79EFBC}") = "記帳APP", "記帳APP\記帳APP.csproj", "{CF226391-8D0E-406B-9647-37725C245F83}"
EndProject
Global
	GlobalSection(SolutionConfigurationPlatforms) = preSolution
		Debug|Any CPU = Debug|Any CPU
		Release|Any CPU = Release|Any CPU
	EndGlobalSection
	GlobalSection(ProjectConfigurationPlatforms) = postSolution
		{CF226391-8D0E-406B-9647-37725C245F83}.Debug|Any CPU.ActiveCfg = Debug|Any CPU
		{CF226391-8D0E-406B-9647-37725C245F83}.Debug|Any CPU.Build.0 = Debug|Any CPU
		{CF226391-8D0E-406B-9647-37725C245F83}.Release|Any CPU.ActiveCfg = Release|Any CPU
		{CF226391-8D0E-406B-9647-37725C245F83}.Release|Any CPU.Build.0 = Release|Any CPU
	EndGlobalSection
	GlobalSection(SolutionProperties) = preSolution
		HideSolutionNode = FALSE
	EndGlobalSection
	GlobalSection(ExtensibilityGlobals) = postSolution
		SolutionGuid = {1162E678-5321-436F-9EB9-617E3A5759C6}
	EndGlobalSection
EndGlobal
